github.com/PuerkitoBio/goquery v1.5.1/go.mod h1:GsLWisAFVj4WgDibEWF4pvYnkVQBpKBKeU+7zCJoLcc=
github.com/andybalholm/cascadia v1.1.0/go.mod h1:GsXiBklL0woXo1j/WYWtSYYC4ouU9PqHO0sqidkEA4Y=
github.com/davecgh/go-spew v1.1.1/go.mod h1:J7Y8YcW2NihsgmVo/mv3lAwl/skON4iLHjSsI+c5H38=
github.com/friendsofgo/errors v0.9.2 h1:X6NYxef4efCBdwI7BgS820zFaN7Cphrmb+Pljdzjtgk=
github.com/friendsofgo/errors v0.9.2/go.mod h1:yCvFW5AkDIL9qn7suHVLiI/gH228n7PC4Pn44IGoTOI=
github.com/gofrs/uuid v3.2.0+incompatible h1:y12jRkkFxsd7GpqdSZ+/KCs/fJbqpEXSGd4+jfEaewE=
github.com/gofrs/uuid v3.2.0+incompatible/go.mod h1:b2aQJv3Z4Fp6yNu3cdSllBxTCLRxnplIgP/c0N/04lM=
github.com/google/go-cmp v0.2.0/go.mod h1:oXzfMopK8JAjlY9xF4vHSVASa0yLyX7SntLO5aqRK0M=
github.com/google/gopacket v1.1.18 h1:lum7VRA9kdlvBi7/v2p7/zcbkduHaCH/SVVyurs7OpY=
github.com/google/gopacket v1.1.18/go.mod h1:UdDNZ1OO62aGYVnPhxT1U6aI7ukYtA/kB8vaU0diBUM=
github.com/jszwec/csvutil v1.4.0 h1:ro7gZN8PRsyNUEX8qE/eYPE5/kffEXMs+4eRcOd1oUk=
github.com/jszwec/csvutil v1.4.0/go.mod h1:Rpu7Uu9giO9subDyMCIQfHVDuLrcaC36UA4YcJjGBkg=
github.com/mattn/go-sqlite3 v1.14.2 h1:A2EQLwjYf/hfYaM20FVjs1UewCTTFR7RmjEHkLjldIA=
github.com/mattn/go-sqlite3 v1.14.2/go.mod h1:JIl7NbARA7phWnGvh0LKTyg7S9BA+6gx71ShQilpsus=
github.com/mdlayher/ethernet v0.0.0-20190313224307-5b5fc417d966 h1:O3p5UmisBhl3V6lgs4Vdfg8HpjzbWJPyOfGLdwVJSmI=
github.com/mdlayher/ethernet v0.0.0-20190313224307-5b5fc417d966/go.mod h1:5s5p/sMJ6sNsFl6uCh85lkFGV8kLuIYJCRJLavVJwvg=
github.com/mdlayher/raw v0.0.0-20190313224157-43dbcdd7739d/go.mod h1:r1fbeITl2xL/zLbVnNHFyOzQJTgr/3fpf1lJX/cjzR8=
github.com/mdlayher/raw v0.0.0-20190419142535-64193704e472 h1:3QZ+iCYiorY0MXIia13+KK+uJHIsOJDHl7Y8Ul1Endc=
github.com/mdlayher/raw v0.0.0-20190419142535-64193704e472/go.mod h1:7EpbotpCmVZcu+KCX4g9WaRNuu11uyhiW7+Le1dKawg=
github.com/mdlayher/wol v0.0.0-20200423173749-bc23029f94e1 h1:nKkwZFtF4f4auTAPEJVxMd5Y7egsayhW6fd3u+dOQYg=
github.com/mdlayher/wol v0.0.0-20200423173749-bc23029f94e1/go.mod h1:988ZKDWGceMvLrEXiY0ojJIFnCuwqC32FAg9Kqn1a2A=
github.com/phayes/freeport v0.0.0-20180830031419-95f893ade6f2 h1:JhzVVoYvbOACxoUmOs6V/G4D5nPVUW73rKvXxP4XUJc=
github.com/phayes/freeport v0.0.0-20180830031419-95f893ade6f2/go.mod h1:iIss55rKnNBTvrwdmkUpLnDpZoAHvWaiq5+iMmen4AE=
github.com/pmezard/go-difflib v1.0.0/go.mod h1:iKH77koFhYxTK1pcRnkKkqfTogsbg7gZNVY4sRDYZ/4=
github.com/spf13/cast v1.3.1 h1:nFm6S0SMdyzrzcmThSipiEubIDy8WEXKNZ0UOgiRpng=
github.com/spf13/cast v1.3.1/go.mod h1:Qx5cxh0v+4UWYiBimWS+eyWzqEqokIECu5etghLkUJE=
github.com/stretchr/testify v1.2.2/go.mod h1:a8OnRcib4nhh0OaRAV+Yts87kKdq0PP7pXfy6kDkUVs=
github.com/volatiletech/inflect v0.0.1 h1:2a6FcMQyhmPZcLa+uet3VJ8gLn/9svWhJxJYwvE8KsU=
github.com/volatiletech/inflect v0.0.1/go.mod h1:IBti31tG6phkHitLlr5j7shC5SOo//x0AjDzaJU1PLA=
github.com/volatiletech/null v8.0.0+incompatible h1:7wP8m5d/gZ6kW/9GnrLtMCRre2dlEnaQ9Km5OXlK4zg=
github.com/volatiletech/null/v8 v8.1.0 h1:eAO3I31A5R04usY5SKMMfDcOCnEGyT/T4wRI0JVGp4U=
github.com/volatiletech/null/v8 v8.1.0/go.mod h1:98DbwNoKEpRrYtGjWFctievIfm4n4MxG0A6EBUcoS5g=
github.com/volatiletech/randomize v0.0.1 h1:eE5yajattWqTB2/eN8df4dw+8jwAzBtbdo5sbWC4nMk=
github.com/volatiletech/randomize v0.0.1/go.mod h1:GN3U0QYqfZ9FOJ67bzax1cqZ5q2xuj2mXrXBjWaRTlY=
github.com/volatiletech/sqlboiler v1.0.0 h1:p0aCjD4tyDfjDjL6jakkfnrWWC4Z2wd1SNM7sS3rzAQ=
github.com/volatiletech/sqlboiler v3.7.1+incompatible h1:dm9/NjDskQVwAarmpeZ2UqLn1NKE8M3WHSHBS4jw2x8=
github.com/volatiletech/sqlboiler v3.7.1+incompatible/go.mod h1:jLfDkkHWPbS2cWRLkyC20vQWaIQsASEY7gM7zSo11Yw=
github.com/volatiletech/strmangle v0.0.1 h1:UKQoHmY6be/R3tSvD2nQYrH41k43OJkidwEiC74KIzk=
github.com/volatiletech/strmangle v0.0.1/go.mod h1:F6RA6IkB5vq0yTG4GQ0UsbbRcl3ni9P76i+JrTBKFFg=
golang.org/x/crypto v0.0.0-20190308221718-c2843e01d9a2/go.mod h1:djNgcEr1/C05ACkg1iLfiJU5Ep61QUkGW8qpdssI0+w=
golang.org/x/net v0.0.0-20180218175443-cbe0f9307d01/go.mod h1:mL1N/T3taQHkDXs73rZJwtUhF3w3ftmwwsq0BUmARs4=
golang.org/x/net v0.0.0-20190313220215-9f648a60d977/go.mod h1:t9HGtf8HONx5eT2rtn7q6eTqICYqUVnKs3thJo3Qplg=
golang.org/x/net v0.0.0-20190404232315-eb5bcb51f2a3/go.mod h1:t9HGtf8HONx5eT2rtn7q6eTqICYqUVnKs3thJo3Qplg=
golang.org/x/net v0.0.0-20190419010253-1f3472d942ba/go.mod h1:t9HGtf8HONx5eT2rtn7q6eTqICYqUVnKs3thJo3Qplg=
golang.org/x/net v0.0.0-20200202094626-16171245cfb2/go.mod h1:z5CRVTTTmAJ677TzLLGU+0bjPO0LkuOLi4/5GtJWs/s=
golang.org/x/net v0.0.0-20200324143707-d3edc9973b7e h1:3G+cUijn7XD+S4eJFddp53Pv7+slrESplyjG25HgL+k=
golang.org/x/net v0.0.0-20200324143707-d3edc9973b7e/go.mod h1:qpuaurCH72eLCgpAm/N6yyVIVM9cpaDIP3A8BGJEC5A=
golang.org/x/sys v0.0.0-20190215142949-d0b11bdaac8a/go.mod h1:STP8DvDyc/dI5b8T5hshtkjS+E42TnysNCUPdjciGhY=
golang.org/x/sys v0.0.0-20190312061237-fead79001313/go.mod h1:h1NjWce9XRLGQEsW7wpKNCjG9DtNlClVuFLEZdDNbEs=
golang.org/x/sys v0.0.0-20190405154228-4b34438f7a67 h1:1Fzlr8kkDLQwqMP8GxrhptBLqZG/EDpiATneiZHY998=
golang.org/x/sys v0.0.0-20190405154228-4b34438f7a67/go.mod h1:h1NjWce9XRLGQEsW7wpKNCjG9DtNlClVuFLEZdDNbEs=
golang.org/x/sys v0.0.0-20190418153312-f0ce4c0180be/go.mod h1:h1NjWce9XRLGQEsW7wpKNCjG9DtNlClVuFLEZdDNbEs=
golang.org/x/sys v0.0.0-20200323222414-85ca7c5b95cd h1:xhmwyvizuTgC2qz7ZlMluP20uW+C3Rm0FD/WLDX8884=
golang.org/x/sys v0.0.0-20200323222414-85ca7c5b95cd/go.mod h1:h1NjWce9XRLGQEsW7wpKNCjG9DtNlClVuFLEZdDNbEs=
golang.org/x/text v0.3.0/go.mod h1:NqM8EUOU14njkJ3fqMW+pc6Ldnwhi/IjpwHt7yyuwOQ=
golang.org/x/xerrors v0.0.0-20190717185122-a985d3407aa7 h1:9zdDQZ7Thm29KFXgAX/+yaf3eVbP7djjWp/dXAppNCc=
golang.org/x/xerrors v0.0.0-20190717185122-a985d3407aa7/go.mod h1:I/5z698sn9Ka8TeJc9MKroUUfqBBauWjQqLJ2OPfmY0=
